
Microsoft Visual Studio Solution File, Format Version 12.00
# Visual Studio Version 17
VisualStudioVersion = 17.1.32319.34
MinimumVisualStudioVersion = 10.0.40219.1
Project("{FAE04EC0-301F-11D3-BF4B-00C04F79EFBC}") = "SignalRDemo", "SignalRDemo\SignalRDemo.csproj", "{529CB9D5-C799-4751-96E8-D0A9E80B36C2}"
EndProject
Global
	GlobalSection(SolutionConfigurationPlatforms) = preSolution
		Debug|Any CPU = Debug|Any CPU
		Release|Any CPU = Release|Any CPU
	EndGlobalSection
	GlobalSection(ProjectConfigurationPlatforms) = postSolution
		{529CB9D5-C799-4751-96E8-D0A9E80B36C2}.Debug|Any CPU.ActiveCfg = Debug|Any CPU
		{529CB9D5-C799-4751-96E8-D0A9E80B36C2}.Debug|Any CPU.Build.0 = Debug|Any CPU
		{529CB9D5-C799-4751-96E8-D0A9E80B36C2}.Release|Any CPU.ActiveCfg = Release|Any CPU
		{529CB9D5-C799-4751-96E8-D0A9E80B36C2}.Release|Any CPU.Build.0 = Release|Any CPU
	EndGlobalSection
	GlobalSection(SolutionProperties) = preSolution
		HideSolutionNode = FALSE
	EndGlobalSection
	GlobalSection(ExtensibilityGlobals) = postSolution
		SolutionGuid = {C64CC547-F3A7-4741-A047-94020EC6DA89}
	EndGlobalSection
EndGlobal
